
Microsoft Visual Studio Solution File, Format Version 12.00
# Visual Studio 15
VisualStudioVersion = 15.0.28307.102
MinimumVisualStudioVersion = 10.0.40219.1
Project("{FAE04EC0-301F-11D3-BF4B-00C04F79EFBC}") = "Monopoly", "Monopoly\Monopoly.csproj", "{F45A6CA9-BF21-424C-AEF0-98284EAA6CFD}"
EndProject
Project("{FAE04EC0-301F-11D3-BF4B-00C04F79EFBC}") = "Monopoly.Model", "Monopoly.Model\Monopoly.Model.csproj", "{ED5B866A-EFB3-4646-917A-69329F1D2E75}"
EndProject
Project("{FAE04EC0-301F-11D3-BF4B-00C04F79EFBC}") = "Monopoly.GameField", "Monopoly.GameField\Monopoly.GameField.csproj", "{FFC554A9-0207-4A31-8D6F-305BAD4BD4E7}"
EndProject
Project("{FAE04EC0-301F-11D3-BF4B-00C04F79EFBC}") = "Monopoly.UserField", "Monopoly.UserField\Monopoly.UserField.csproj", "{42EECE08-8401-4351-8EAC-E4D143BEA97D}"
EndProject
Global
	GlobalSection(SolutionConfigurationPlatforms) = preSolution
		Debug|Any CPU = Debug|Any CPU
		Release|Any CPU = Release|Any CPU
	EndGlobalSection
	GlobalSection(ProjectConfigurationPlatforms) = postSolution
		{F45A6CA9-BF21-424C-AEF0-98284EAA6CFD}.Debug|Any CPU.ActiveCfg = Debug|Any CPU
		{F45A6CA9-BF21-424C-AEF0-98284EAA6CFD}.Debug|Any CPU.Build.0 = Debug|Any CPU
		{F45A6CA9-BF21-424C-AEF0-98284EAA6CFD}.Release|Any CPU.ActiveCfg = Release|Any CPU
		{F45A6CA9-BF21-424C-AEF0-98284EAA6CFD}.Release|Any CPU.Build.0 = Release|Any CPU
		{ED5B866A-EFB3-4646-917A-69329F1D2E75}.Debug|Any CPU.ActiveCfg = Debug|Any CPU
		{ED5B866A-EFB3-4646-917A-69329F1D2E75}.Debug|Any CPU.Build.0 = Debug|Any CPU
		{ED5B866A-EFB3-4646-917A-69329F1D2E75}.Release|Any CPU.ActiveCfg = Release|Any CPU
		{ED5B866A-EFB3-4646-917A-69329F1D2E75}.Release|Any CPU.Build.0 = Release|Any CPU
		{FFC554A9-0207-4A31-8D6F-305BAD4BD4E7}.Debug|Any CPU.ActiveCfg = Debug|Any CPU
		{FFC554A9-0207-4A31-8D6F-305BAD4BD4E7}.Debug|Any CPU.Build.0 = Debug|Any CPU
		{FFC554A9-0207-4A31-8D6F-305BAD4BD4E7}.Release|Any CPU.ActiveCfg = Release|Any CPU
		{FFC554A9-0207-4A31-8D6F-305BAD4BD4E7}.Release|Any CPU.Build.0 = Release|Any CPU
		{42EECE08-8401-4351-8EAC-E4D143BEA97D}.Debug|Any CPU.ActiveCfg = Debug|Any CPU
		{42EECE08-8401-4351-8EAC-E4D143BEA97D}.Debug|Any CPU.Build.0 = Debug|Any CPU
		{42EECE08-8401-4351-8EAC-E4D143BEA97D}.Release|Any CPU.ActiveCfg = Release|Any CPU
		{42EECE08-8401-4351-8EAC-E4D143BEA97D}.Release|Any CPU.Build.0 = Release|Any CPU
	EndGlobalSection
	GlobalSection(SolutionProperties) = preSolution
		HideSolutionNode = FALSE
	EndGlobalSection
	GlobalSection(ExtensibilityGlobals) = postSolution
		SolutionGuid = {88145887-A620-47CD-BA9F-CBD65CCA8571}
	EndGlobalSection
EndGlobal
