
Microsoft Visual Studio Solution File, Format Version 12.00
# Visual Studio 15
VisualStudioVersion = 15.0.28307.102
MinimumVisualStudioVersion = 10.0.40219.1
Project("{FAE04EC0-301F-11D3-BF4B-00C04F79EFBC}") = "Monopoly", "Monopoly\Monopoly.csproj", "{F45A6CA9-BF21-424C-AEF0-98284EAA6CFD}"
EndProject
Project("{FAE04EC0-301F-11D3-BF4B-00C04F79EFBC}") = "Monopoly.BaseModel", "Monopoly.BaseModel\Monopoly.BaseModel.csproj", "{6293A285-DF0F-4718-98A2-5654ED6DFB03}"
EndProject
Project("{FAE04EC0-301F-11D3-BF4B-00C04F79EFBC}") = "ModuleA", "ModuleA\ModuleA.csproj", "{AC4852DB-6D89-4208-A1C3-4838CD4B24A8}"
EndProject
Global
	GlobalSection(SolutionConfigurationPlatforms) = preSolution
		Debug|Any CPU = Debug|Any CPU
		Release|Any CPU = Release|Any CPU
	EndGlobalSection
	GlobalSection(ProjectConfigurationPlatforms) = postSolution
		{F45A6CA9-BF21-424C-AEF0-98284EAA6CFD}.Debug|Any CPU.ActiveCfg = Debug|Any CPU
		{F45A6CA9-BF21-424C-AEF0-98284EAA6CFD}.Debug|Any CPU.Build.0 = Debug|Any CPU
		{F45A6CA9-BF21-424C-AEF0-98284EAA6CFD}.Release|Any CPU.ActiveCfg = Release|Any CPU
		{F45A6CA9-BF21-424C-AEF0-98284EAA6CFD}.Release|Any CPU.Build.0 = Release|Any CPU
		{6293A285-DF0F-4718-98A2-5654ED6DFB03}.Debug|Any CPU.ActiveCfg = Debug|Any CPU
		{6293A285-DF0F-4718-98A2-5654ED6DFB03}.Debug|Any CPU.Build.0 = Debug|Any CPU
		{6293A285-DF0F-4718-98A2-5654ED6DFB03}.Release|Any CPU.ActiveCfg = Release|Any CPU
		{6293A285-DF0F-4718-98A2-5654ED6DFB03}.Release|Any CPU.Build.0 = Release|Any CPU
		{AC4852DB-6D89-4208-A1C3-4838CD4B24A8}.Debug|Any CPU.ActiveCfg = Debug|Any CPU
		{AC4852DB-6D89-4208-A1C3-4838CD4B24A8}.Debug|Any CPU.Build.0 = Debug|Any CPU
		{AC4852DB-6D89-4208-A1C3-4838CD4B24A8}.Release|Any CPU.ActiveCfg = Release|Any CPU
		{AC4852DB-6D89-4208-A1C3-4838CD4B24A8}.Release|Any CPU.Build.0 = Release|Any CPU
	EndGlobalSection
	GlobalSection(SolutionProperties) = preSolution
		HideSolutionNode = FALSE
	EndGlobalSection
	GlobalSection(ExtensibilityGlobals) = postSolution
		SolutionGuid = {88145887-A620-47CD-BA9F-CBD65CCA8571}
	EndGlobalSection
EndGlobal
